
Microsoft Visual Studio Solution File, Format Version 12.00
# Visual Studio 14
VisualStudioVersion = 14.0.25123.0
MinimumVisualStudioVersion = 10.0.40219.1
Project("{8BC9CEB8-8B4A-11D0-8D11-00A0C91BC942}") = "WinTestingArea", "WinTestingArea\WinTestingArea.vcxproj", "{50A59C72-DCF1-4B4E-B529-584B0CF0ACE9}"
EndProject
Project("{8BC9CEB8-8B4A-11D0-8D11-00A0C91BC942}") = "UnitTest", "UnitTest\UnitTest.vcxproj", "{2630B54D-C367-4EF9-832E-FA03CF1F7E76}"
EndProject
Project("{8BC9CEB8-8B4A-11D0-8D11-00A0C91BC942}") = "ToolKit", "ToolKit\ToolKit.vcxproj", "{0E372011-DBC5-4769-8FF1-633901C24303}"
EndProject
Global
	GlobalSection(SolutionConfigurationPlatforms) = preSolution
		Debug|x64 = Debug|x64
		Debug|x86 = Debug|x86
		Release|x64 = Release|x64
		Release|x86 = Release|x86
	EndGlobalSection
	GlobalSection(ProjectConfigurationPlatforms) = postSolution
		{50A59C72-DCF1-4B4E-B529-584B0CF0ACE9}.Debug|x64.ActiveCfg = Debug|x64
		{50A59C72-DCF1-4B4E-B529-584B0CF0ACE9}.Debug|x64.Build.0 = Debug|x64
		{50A59C72-DCF1-4B4E-B529-584B0CF0ACE9}.Debug|x86.ActiveCfg = Debug|Win32
		{50A59C72-DCF1-4B4E-B529-584B0CF0ACE9}.Debug|x86.Build.0 = Debug|Win32
		{50A59C72-DCF1-4B4E-B529-584B0CF0ACE9}.Release|x64.ActiveCfg = Release|x64
		{50A59C72-DCF1-4B4E-B529-584B0CF0ACE9}.Release|x64.Build.0 = Release|x64
		{50A59C72-DCF1-4B4E-B529-584B0CF0ACE9}.Release|x86.ActiveCfg = Release|Win32
		{50A59C72-DCF1-4B4E-B529-584B0CF0ACE9}.Release|x86.Build.0 = Release|Win32
		{2630B54D-C367-4EF9-832E-FA03CF1F7E76}.Debug|x64.ActiveCfg = Debug|x64
		{2630B54D-C367-4EF9-832E-FA03CF1F7E76}.Debug|x64.Build.0 = Debug|x64
		{2630B54D-C367-4EF9-832E-FA03CF1F7E76}.Debug|x86.ActiveCfg = Debug|Win32
		{2630B54D-C367-4EF9-832E-FA03CF1F7E76}.Debug|x86.Build.0 = Debug|Win32
		{2630B54D-C367-4EF9-832E-FA03CF1F7E76}.Release|x64.ActiveCfg = Release|x64
		{2630B54D-C367-4EF9-832E-FA03CF1F7E76}.Release|x64.Build.0 = Release|x64
		{2630B54D-C367-4EF9-832E-FA03CF1F7E76}.Release|x86.ActiveCfg = Release|Win32
		{2630B54D-C367-4EF9-832E-FA03CF1F7E76}.Release|x86.Build.0 = Release|Win32
		{0E372011-DBC5-4769-8FF1-633901C24303}.Debug|x64.ActiveCfg = Debug|x64
		{0E372011-DBC5-4769-8FF1-633901C24303}.Debug|x64.Build.0 = Debug|x64
		{0E372011-DBC5-4769-8FF1-633901C24303}.Debug|x86.ActiveCfg = Debug|Win32
		{0E372011-DBC5-4769-8FF1-633901C24303}.Debug|x86.Build.0 = Debug|Win32
		{0E372011-DBC5-4769-8FF1-633901C24303}.Release|x64.ActiveCfg = Release|x64
		{0E372011-DBC5-4769-8FF1-633901C24303}.Release|x64.Build.0 = Release|x64
		{0E372011-DBC5-4769-8FF1-633901C24303}.Release|x86.ActiveCfg = Release|Win32
		{0E372011-DBC5-4769-8FF1-633901C24303}.Release|x86.Build.0 = Release|Win32
	EndGlobalSection
	GlobalSection(SolutionProperties) = preSolution
		HideSolutionNode = FALSE
	EndGlobalSection
EndGlobal
